// !$*UTF8*$!
{
	archiveVersion = 1;
	classes = {
	};
	objectVersion = 46;
	objects = {

/* Begin PBXBuildFile section */
		B6340F7119E86B280081E8B2 /* main.m in Sources */ = {isa = PBXBuildFile; fileRef = B6340F7019E86B280081E8B2 /* main.m */; };
		B6340F7419E86B280081E8B2 /* AppDelegate.m in Sources */ = {isa = PBXBuildFile; fileRef = B6340F7319E86B280081E8B2 /* AppDelegate.m */; };
		B6340F7A19E86B280081E8B2 /* SecondViewController.m in Sources */ = {isa = PBXBuildFile; fileRef = B6340F7919E86B280081E8B2 /* SecondViewController.m */; };
		B6340F7D19E86B280081E8B2 /* Main.storyboard in Resources */ = {isa = PBXBuildFile; fileRef = B6340F7B19E86B280081E8B2 /* Main.storyboard */; };
		B6340F7F19E86B280081E8B2 /* Images.xcassets in Resources */ = {isa = PBXBuildFile; fileRef = B6340F7E19E86B280081E8B2 /* Images.xcassets */; };
		B6340F8219E86B280081E8B2 /* LaunchScreen.xib in Resources */ = {isa = PBXBuildFile; fileRef = B6340F8019E86B280081E8B2 /* LaunchScreen.xib */; };
		B6340F8E19E86B280081E8B2 /* Diner_OrganizerTests.m in Sources */ = {isa = PBXBuildFile; fileRef = B6340F8D19E86B280081E8B2 /* Diner_OrganizerTests.m */; };
		B6340F9919E86BD50081E8B2 /* ThirdViewController.m in Sources */ = {isa = PBXBuildFile; fileRef = B6340F9819E86BD50081E8B2 /* ThirdViewController.m */; };
		B6340FD519EA9F5A0081E8B2 /* date.png in Resources */ = {isa = PBXBuildFile; fileRef = B6340FD219EA9F5A0081E8B2 /* date.png */; };
		B6340FD619EA9F5A0081E8B2 /* dish.png in Resources */ = {isa = PBXBuildFile; fileRef = B6340FD319EA9F5A0081E8B2 /* dish.png */; };
		B6340FD719EA9F5A0081E8B2 /* guest.png in Resources */ = {isa = PBXBuildFile; fileRef = B6340FD419EA9F5A0081E8B2 /* guest.png */; };
		B6340FE219EAD3920081E8B2 /* Diner.m in Sources */ = {isa = PBXBuildFile; fileRef = B6340FE119EAD3920081E8B2 /* Diner.m */; };
		B6D1A4D819FD1DA700CAA93E /* DishListTableViewController.m in Sources */ = {isa = PBXBuildFile; fileRef = B6D1A4D719FD1DA700CAA93E /* DishListTableViewController.m */; };
		B6D1A4DB19FD33A000CAA93E /* Dish.m in Sources */ = {isa = PBXBuildFile; fileRef = B6D1A4DA19FD33A000CAA93E /* Dish.m */; };
		B6D1A4DD19FD3C8C00CAA93E /* pizza.jpg in Resources */ = {isa = PBXBuildFile; fileRef = B6D1A4DC19FD3C8C00CAA93E /* pizza.jpg */; };
		B6D1A4DF19FD3CC000CAA93E /* tiramisu.jpg in Resources */ = {isa = PBXBuildFile; fileRef = B6D1A4DE19FD3CC000CAA93E /* tiramisu.jpg */; };
		B6D1A4E219FD418600CAA93E /* NewDishViewController.m in Sources */ = {isa = PBXBuildFile; fileRef = B6D1A4E119FD418600CAA93E /* NewDishViewController.m */; };
		B6D1A4E619FD473000CAA93E /* dishViewViewController.m in Sources */ = {isa = PBXBuildFile; fileRef = B6D1A4E519FD473000CAA93E /* dishViewViewController.m */; };
		B6D1A4E919FED72400CAA93E /* CoreData.framework in Frameworks */ = {isa = PBXBuildFile; fileRef = B6D1A4E719FED61B00CAA93E /* CoreData.framework */; };
		B6D1A4EE19FEE6F100CAA93E /* Diner Organizer.xcdatamodeld in Sources */ = {isa = PBXBuildFile; fileRef = B6D1A4EC19FEE6F100CAA93E /* Diner Organizer.xcdatamodeld */; };
		CF3519D9DC503B0894E6D9EF /* libPods-Diner Organizer.a in Frameworks */ = {isa = PBXBuildFile; fileRef = 16FF9EB3CD3E0ACF5ABB73A6 /* libPods-Diner Organizer.a */; };
/* End PBXBuildFile section */

/* Begin PBXContainerItemProxy section */
		B6340F8819E86B280081E8B2 /* PBXContainerItemProxy */ = {
			isa = PBXContainerItemProxy;
			containerPortal = B6340F6319E86B280081E8B2 /* Project object */;
			proxyType = 1;
			remoteGlobalIDString = B6340F6A19E86B280081E8B2;
			remoteInfo = "Diner Organizer";
		};
/* End PBXContainerItemProxy section */

/* Begin PBXFileReference section */
		16FF9EB3CD3E0ACF5ABB73A6 /* libPods-Diner Organizer.a */ = {isa = PBXFileReference; explicitFileType = archive.ar; includeInIndex = 0; path = "libPods-Diner Organizer.a"; sourceTree = BUILT_PRODUCTS_DIR; };
		45FCE24204809096289F7E4D /* Pods-Diner Organizer.debug.xcconfig */ = {isa = PBXFileReference; includeInIndex = 1; lastKnownFileType = text.xcconfig; name = "Pods-Diner Organizer.debug.xcconfig"; path = "Pods/Target Support Files/Pods-Diner Organizer/Pods-Diner Organizer.debug.xcconfig"; sourceTree = "<group>"; };
		B6340F6B19E86B280081E8B2 /* Diner Organizer.app */ = {isa = PBXFileReference; explicitFileType = wrapper.application; includeInIndex = 0; path = "Diner Organizer.app"; sourceTree = BUILT_PRODUCTS_DIR; };
		B6340F6F19E86B280081E8B2 /* Info.plist */ = {isa = PBXFileReference; lastKnownFileType = text.plist.xml; path = Info.plist; sourceTree = "<group>"; };
		B6340F7019E86B280081E8B2 /* main.m */ = {isa = PBXFileReference; lastKnownFileType = sourcecode.c.objc; path = main.m; sourceTree = "<group>"; };
		B6340F7219E86B280081E8B2 /* AppDelegate.h */ = {isa = PBXFileReference; lastKnownFileType = sourcecode.c.h; path = AppDelegate.h; sourceTree = "<group>"; };
		B6340F7319E86B280081E8B2 /* AppDelegate.m */ = {isa = PBXFileReference; lastKnownFileType = sourcecode.c.objc; path = AppDelegate.m; sourceTree = "<group>"; };
		B6340F7819E86B280081E8B2 /* SecondViewController.h */ = {isa = PBXFileReference; lastKnownFileType = sourcecode.c.h; path = SecondViewController.h; sourceTree = "<group>"; };
		B6340F7919E86B280081E8B2 /* SecondViewController.m */ = {isa = PBXFileReference; lastKnownFileType = sourcecode.c.objc; path = SecondViewController.m; sourceTree = "<group>"; };
		B6340F7C19E86B280081E8B2 /* Base */ = {isa = PBXFileReference; lastKnownFileType = file.storyboard; name = Base; path = Base.lproj/Main.storyboard; sourceTree = "<group>"; };
		B6340F7E19E86B280081E8B2 /* Images.xcassets */ = {isa = PBXFileReference; lastKnownFileType = folder.assetcatalog; path = Images.xcassets; sourceTree = "<group>"; };
		B6340F8119E86B280081E8B2 /* Base */ = {isa = PBXFileReference; lastKnownFileType = file.xib; name = Base; path = Base.lproj/LaunchScreen.xib; sourceTree = "<group>"; };
		B6340F8719E86B280081E8B2 /* Diner OrganizerTests.xctest */ = {isa = PBXFileReference; explicitFileType = wrapper.cfbundle; includeInIndex = 0; path = "Diner OrganizerTests.xctest"; sourceTree = BUILT_PRODUCTS_DIR; };
		B6340F8C19E86B280081E8B2 /* Info.plist */ = {isa = PBXFileReference; lastKnownFileType = text.plist.xml; path = Info.plist; sourceTree = "<group>"; };
		B6340F8D19E86B280081E8B2 /* Diner_OrganizerTests.m */ = {isa = PBXFileReference; lastKnownFileType = sourcecode.c.objc; path = Diner_OrganizerTests.m; sourceTree = "<group>"; };
		B6340F9719E86BD50081E8B2 /* ThirdViewController.h */ = {isa = PBXFileReference; fileEncoding = 4; lastKnownFileType = sourcecode.c.h; path = ThirdViewController.h; sourceTree = "<group>"; };
		B6340F9819E86BD50081E8B2 /* ThirdViewController.m */ = {isa = PBXFileReference; fileEncoding = 4; lastKnownFileType = sourcecode.c.objc; path = ThirdViewController.m; sourceTree = "<group>"; };
		B6340FD219EA9F5A0081E8B2 /* date.png */ = {isa = PBXFileReference; lastKnownFileType = image.png; path = date.png; sourceTree = "<group>"; };
		B6340FD319EA9F5A0081E8B2 /* dish.png */ = {isa = PBXFileReference; lastKnownFileType = image.png; path = dish.png; sourceTree = "<group>"; };
		B6340FD419EA9F5A0081E8B2 /* guest.png */ = {isa = PBXFileReference; lastKnownFileType = image.png; path = guest.png; sourceTree = "<group>"; };
		B6340FE019EAD3920081E8B2 /* Diner.h */ = {isa = PBXFileReference; fileEncoding = 4; lastKnownFileType = sourcecode.c.h; path = Diner.h; sourceTree = "<group>"; };
		B6340FE119EAD3920081E8B2 /* Diner.m */ = {isa = PBXFileReference; fileEncoding = 4; lastKnownFileType = sourcecode.c.objc; path = Diner.m; sourceTree = "<group>"; };
		B6D1A4D619FD1DA700CAA93E /* DishListTableViewController.h */ = {isa = PBXFileReference; fileEncoding = 4; lastKnownFileType = sourcecode.c.h; path = DishListTableViewController.h; sourceTree = "<group>"; };
		B6D1A4D719FD1DA700CAA93E /* DishListTableViewController.m */ = {isa = PBXFileReference; fileEncoding = 4; lastKnownFileType = sourcecode.c.objc; path = DishListTableViewController.m; sourceTree = "<group>"; };
		B6D1A4D919FD33A000CAA93E /* Dish.h */ = {isa = PBXFileReference; fileEncoding = 4; lastKnownFileType = sourcecode.c.h; path = Dish.h; sourceTree = "<group>"; };
		B6D1A4DA19FD33A000CAA93E /* Dish.m */ = {isa = PBXFileReference; fileEncoding = 4; lastKnownFileType = sourcecode.c.objc; path = Dish.m; sourceTree = "<group>"; };
		B6D1A4DC19FD3C8C00CAA93E /* pizza.jpg */ = {isa = PBXFileReference; lastKnownFileType = image.jpeg; path = pizza.jpg; sourceTree = "<group>"; };
		B6D1A4DE19FD3CC000CAA93E /* tiramisu.jpg */ = {isa = PBXFileReference; lastKnownFileType = image.jpeg; path = tiramisu.jpg; sourceTree = "<group>"; };
		B6D1A4E019FD418600CAA93E /* NewDishViewController.h */ = {isa = PBXFileReference; fileEncoding = 4; lastKnownFileType = sourcecode.c.h; path = NewDishViewController.h; sourceTree = "<group>"; };
		B6D1A4E119FD418600CAA93E /* NewDishViewController.m */ = {isa = PBXFileReference; fileEncoding = 4; lastKnownFileType = sourcecode.c.objc; path = NewDishViewController.m; sourceTree = "<group>"; };
		B6D1A4E419FD473000CAA93E /* dishViewViewController.h */ = {isa = PBXFileReference; fileEncoding = 4; lastKnownFileType = sourcecode.c.h; path = dishViewViewController.h; sourceTree = "<group>"; };
		B6D1A4E519FD473000CAA93E /* dishViewViewController.m */ = {isa = PBXFileReference; fileEncoding = 4; lastKnownFileType = sourcecode.c.objc; path = dishViewViewController.m; sourceTree = "<group>"; };
		B6D1A4E719FED61B00CAA93E /* CoreData.framework */ = {isa = PBXFileReference; lastKnownFileType = wrapper.framework; name = CoreData.framework; path = System/Library/Frameworks/CoreData.framework; sourceTree = SDKROOT; };
		B6D1A4EB19FEE29100CAA93E /* Diner Organizer-prefix.pch */ = {isa = PBXFileReference; lastKnownFileType = sourcecode.c.h; path = "Diner Organizer-prefix.pch"; sourceTree = "<group>"; };
		B6D1A4ED19FEE6F100CAA93E /* Diner Organizer.xcdatamodel */ = {isa = PBXFileReference; lastKnownFileType = wrapper.xcdatamodel; path = "Diner Organizer.xcdatamodel"; sourceTree = "<group>"; };
		FED30C01F0C571BBC97DC9B8 /* Pods-Diner Organizer.release.xcconfig */ = {isa = PBXFileReference; includeInIndex = 1; lastKnownFileType = text.xcconfig; name = "Pods-Diner Organizer.release.xcconfig"; path = "Pods/Target Support Files/Pods-Diner Organizer/Pods-Diner Organizer.release.xcconfig"; sourceTree = "<group>"; };
/* End PBXFileReference section */

/* Begin PBXFrameworksBuildPhase section */
		B6340F6819E86B280081E8B2 /* Frameworks */ = {
			isa = PBXFrameworksBuildPhase;
			buildActionMask = 2147483647;
			files = (
				B6D1A4E919FED72400CAA93E /* CoreData.framework in Frameworks */,
				CF3519D9DC503B0894E6D9EF /* libPods-Diner Organizer.a in Frameworks */,
			);
			runOnlyForDeploymentPostprocessing = 0;
		};
		B6340F8419E86B280081E8B2 /* Frameworks */ = {
			isa = PBXFrameworksBuildPhase;
			buildActionMask = 2147483647;
			files = (
			);
			runOnlyForDeploymentPostprocessing = 0;
		};
/* End PBXFrameworksBuildPhase section */

/* Begin PBXGroup section */
		2902E8F517707B06B3C331CD /* Pods */ = {
			isa = PBXGroup;
			children = (
				45FCE24204809096289F7E4D /* Pods-Diner Organizer.debug.xcconfig */,
				FED30C01F0C571BBC97DC9B8 /* Pods-Diner Organizer.release.xcconfig */,
			);
			name = Pods;
			sourceTree = "<group>";
		};
		313385E359946793EB6E110C /* Frameworks */ = {
			isa = PBXGroup;
			children = (
				B6D1A4E719FED61B00CAA93E /* CoreData.framework */,
				16FF9EB3CD3E0ACF5ABB73A6 /* libPods-Diner Organizer.a */,
			);
			name = Frameworks;
			sourceTree = "<group>";
		};
		B6340F6219E86B270081E8B2 = {
			isa = PBXGroup;
			children = (
				B6D1A4EC19FEE6F100CAA93E /* Diner Organizer.xcdatamodeld */,
				B6340F6D19E86B280081E8B2 /* Diner Organizer */,
				B6340F8A19E86B280081E8B2 /* Diner OrganizerTests */,
				B6340F6C19E86B280081E8B2 /* Products */,
				2902E8F517707B06B3C331CD /* Pods */,
				313385E359946793EB6E110C /* Frameworks */,
			);
			sourceTree = "<group>";
		};
		B6340F6C19E86B280081E8B2 /* Products */ = {
			isa = PBXGroup;
			children = (
				B6340F6B19E86B280081E8B2 /* Diner Organizer.app */,
				B6340F8719E86B280081E8B2 /* Diner OrganizerTests.xctest */,
			);
			name = Products;
			sourceTree = "<group>";
		};
		B6340F6D19E86B280081E8B2 /* Diner Organizer */ = {
			isa = PBXGroup;
			children = (
				B6340F7219E86B280081E8B2 /* AppDelegate.h */,
				B6340F7319E86B280081E8B2 /* AppDelegate.m */,
				B6D1A4E319FD419200CAA93E /* Dish view controllers */,
				B6340FDF19EAD36C0081E8B2 /* Model */,
				B6340F7819E86B280081E8B2 /* SecondViewController.h */,
				B6340F7919E86B280081E8B2 /* SecondViewController.m */,
				B6340F9719E86BD50081E8B2 /* ThirdViewController.h */,
				B6340F9819E86BD50081E8B2 /* ThirdViewController.m */,
				B6340F7B19E86B280081E8B2 /* Main.storyboard */,
				B6340F7E19E86B280081E8B2 /* Images.xcassets */,
				B6340F8019E86B280081E8B2 /* LaunchScreen.xib */,
				B6340F6E19E86B280081E8B2 /* Supporting Files */,
			);
			path = "Diner Organizer";
			sourceTree = "<group>";
		};
		B6340F6E19E86B280081E8B2 /* Supporting Files */ = {
			isa = PBXGroup;
			children = (
				B6340FD219EA9F5A0081E8B2 /* date.png */,
				B6340FD319EA9F5A0081E8B2 /* dish.png */,
				B6340FD419EA9F5A0081E8B2 /* guest.png */,
				B6D1A4DC19FD3C8C00CAA93E /* pizza.jpg */,
				B6D1A4DE19FD3CC000CAA93E /* tiramisu.jpg */,
				B6340F6F19E86B280081E8B2 /* Info.plist */,
				B6340F7019E86B280081E8B2 /* main.m */,
				B6D1A4EB19FEE29100CAA93E /* Diner Organizer-prefix.pch */,
			);
			name = "Supporting Files";
			sourceTree = "<group>";
		};
		B6340F8A19E86B280081E8B2 /* Diner OrganizerTests */ = {
			isa = PBXGroup;
			children = (
				B6340F8D19E86B280081E8B2 /* Diner_OrganizerTests.m */,
				B6340F8B19E86B280081E8B2 /* Supporting Files */,
			);
			path = "Diner OrganizerTests";
			sourceTree = "<group>";
		};
		B6340F8B19E86B280081E8B2 /* Supporting Files */ = {
			isa = PBXGroup;
			children = (
				B6340F8C19E86B280081E8B2 /* Info.plist */,
			);
			name = "Supporting Files";
			sourceTree = "<group>";
		};
		B6340FDF19EAD36C0081E8B2 /* Model */ = {
			isa = PBXGroup;
			children = (
				B6340FE019EAD3920081E8B2 /* Diner.h */,
				B6340FE119EAD3920081E8B2 /* Diner.m */,
				B6D1A4D919FD33A000CAA93E /* Dish.h */,
				B6D1A4DA19FD33A000CAA93E /* Dish.m */,
			);
			name = Model;
			sourceTree = "<group>";
		};
		B6D1A4E319FD419200CAA93E /* Dish view controllers */ = {
			isa = PBXGroup;
			children = (
				B6D1A4D619FD1DA700CAA93E /* DishListTableViewController.h */,
				B6D1A4D719FD1DA700CAA93E /* DishListTableViewController.m */,
				B6D1A4E019FD418600CAA93E /* NewDishViewController.h */,
				B6D1A4E119FD418600CAA93E /* NewDishViewController.m */,
				B6D1A4E419FD473000CAA93E /* dishViewViewController.h */,
				B6D1A4E519FD473000CAA93E /* dishViewViewController.m */,
			);
			name = "Dish view controllers";
			sourceTree = "<group>";
		};
/* End PBXGroup section */

/* Begin PBXNativeTarget section */
		B6340F6A19E86B280081E8B2 /* Diner Organizer */ = {
			isa = PBXNativeTarget;
			buildConfigurationList = B6340F9119E86B280081E8B2 /* Build configuration list for PBXNativeTarget "Diner Organizer" */;
			buildPhases = (
				FC17F947EC3F89518D1BA1DC /* Check Pods Manifest.lock */,
				B6340F6719E86B280081E8B2 /* Sources */,
				B6340F6819E86B280081E8B2 /* Frameworks */,
				B6340F6919E86B280081E8B2 /* Resources */,
				73BDEC8F8718F76D25BD386D /* Copy Pods Resources */,
			);
			buildRules = (
			);
			dependencies = (
			);
			name = "Diner Organizer";
			productName = "Diner Organizer";
			productReference = B6340F6B19E86B280081E8B2 /* Diner Organizer.app */;
			productType = "com.apple.product-type.application";
		};
		B6340F8619E86B280081E8B2 /* Diner OrganizerTests */ = {
			isa = PBXNativeTarget;
			buildConfigurationList = B6340F9419E86B280081E8B2 /* Build configuration list for PBXNativeTarget "Diner OrganizerTests" */;
			buildPhases = (
				B6340F8319E86B280081E8B2 /* Sources */,
				B6340F8419E86B280081E8B2 /* Frameworks */,
				B6340F8519E86B280081E8B2 /* Resources */,
			);
			buildRules = (
			);
			dependencies = (
				B6340F8919E86B280081E8B2 /* PBXTargetDependency */,
			);
			name = "Diner OrganizerTests";
			productName = "Diner OrganizerTests";
			productReference = B6340F8719E86B280081E8B2 /* Diner OrganizerTests.xctest */;
			productType = "com.apple.product-type.bundle.unit-test";
		};
/* End PBXNativeTarget section */

/* Begin PBXProject section */
		B6340F6319E86B280081E8B2 /* Project object */ = {
			isa = PBXProject;
			attributes = {
				LastUpgradeCheck = 0600;
				ORGANIZATIONNAME = djspatule;
				TargetAttributes = {
					B6340F6A19E86B280081E8B2 = {
						CreatedOnToolsVersion = 6.0.1;
					};
					B6340F8619E86B280081E8B2 = {
						CreatedOnToolsVersion = 6.0.1;
						TestTargetID = B6340F6A19E86B280081E8B2;
					};
				};
			};
			buildConfigurationList = B6340F6619E86B280081E8B2 /* Build configuration list for PBXProject "Diner Organizer" */;
			compatibilityVersion = "Xcode 3.2";
			developmentRegion = English;
			hasScannedForEncodings = 0;
			knownRegions = (
				en,
				Base,
			);
			mainGroup = B6340F6219E86B270081E8B2;
			productRefGroup = B6340F6C19E86B280081E8B2 /* Products */;
			projectDirPath = "";
			projectRoot = "";
			targets = (
				B6340F6A19E86B280081E8B2 /* Diner Organizer */,
				B6340F8619E86B280081E8B2 /* Diner OrganizerTests */,
			);
		};
/* End PBXProject section */

/* Begin PBXResourcesBuildPhase section */
		B6340F6919E86B280081E8B2 /* Resources */ = {
			isa = PBXResourcesBuildPhase;
			buildActionMask = 2147483647;
			files = (
				B6340FD719EA9F5A0081E8B2 /* guest.png in Resources */,
				B6D1A4DF19FD3CC000CAA93E /* tiramisu.jpg in Resources */,
				B6340F7D19E86B280081E8B2 /* Main.storyboard in Resources */,
				B6D1A4DD19FD3C8C00CAA93E /* pizza.jpg in Resources */,
				B6340FD619EA9F5A0081E8B2 /* dish.png in Resources */,
				B6340FD519EA9F5A0081E8B2 /* date.png in Resources */,
				B6340F8219E86B280081E8B2 /* LaunchScreen.xib in Resources */,
				B6340F7F19E86B280081E8B2 /* Images.xcassets in Resources */,
			);
			runOnlyForDeploymentPostprocessing = 0;
		};
		B6340F8519E86B280081E8B2 /* Resources */ = {
			isa = PBXResourcesBuildPhase;
			buildActionMask = 2147483647;
			files = (
			);
			runOnlyForDeploymentPostprocessing = 0;
		};
/* End PBXResourcesBuildPhase section */

/* Begin PBXShellScriptBuildPhase section */
		73BDEC8F8718F76D25BD386D /* Copy Pods Resources */ = {
			isa = PBXShellScriptBuildPhase;
			buildActionMask = 2147483647;
			files = (
			);
			inputPaths = (
			);
			name = "Copy Pods Resources";
			outputPaths = (
			);
			runOnlyForDeploymentPostprocessing = 0;
			shellPath = /bin/sh;
			shellScript = "\"${SRCROOT}/Pods/Target Support Files/Pods-Diner Organizer/Pods-Diner Organizer-resources.sh\"\n";
			showEnvVarsInLog = 0;
		};
		FC17F947EC3F89518D1BA1DC /* Check Pods Manifest.lock */ = {
			isa = PBXShellScriptBuildPhase;
			buildActionMask = 2147483647;
			files = (
			);
			inputPaths = (
			);
			name = "Check Pods Manifest.lock";
			outputPaths = (
			);
			runOnlyForDeploymentPostprocessing = 0;
			shellPath = /bin/sh;
			shellScript = "diff \"${PODS_ROOT}/../Podfile.lock\" \"${PODS_ROOT}/Manifest.lock\" > /dev/null\nif [[ $? != 0 ]] ; then\n    cat << EOM\nerror: The sandbox is not in sync with the Podfile.lock. Run 'pod install' or update your CocoaPods installation.\nEOM\n    exit 1\nfi\n";
			showEnvVarsInLog = 0;
		};
/* End PBXShellScriptBuildPhase section */

/* Begin PBXSourcesBuildPhase section */
		B6340F6719E86B280081E8B2 /* Sources */ = {
			isa = PBXSourcesBuildPhase;
			buildActionMask = 2147483647;
			files = (
				B6340FE219EAD3920081E8B2 /* Diner.m in Sources */,
				B6340F7A19E86B280081E8B2 /* SecondViewController.m in Sources */,
				B6340F9919E86BD50081E8B2 /* ThirdViewController.m in Sources */,
				B6D1A4E219FD418600CAA93E /* NewDishViewController.m in Sources */,
				B6D1A4E619FD473000CAA93E /* dishViewViewController.m in Sources */,
				B6D1A4DB19FD33A000CAA93E /* Dish.m in Sources */,
				B6D1A4D819FD1DA700CAA93E /* DishListTableViewController.m in Sources */,
				B6D1A4EE19FEE6F100CAA93E /* Diner Organizer.xcdatamodeld in Sources */,
				B6340F7419E86B280081E8B2 /* AppDelegate.m in Sources */,
				B6340F7119E86B280081E8B2 /* main.m in Sources */,
			);
			runOnlyForDeploymentPostprocessing = 0;
		};
		B6340F8319E86B280081E8B2 /* Sources */ = {
			isa = PBXSourcesBuildPhase;
			buildActionMask = 2147483647;
			files = (
				B6340F8E19E86B280081E8B2 /* Diner_OrganizerTests.m in Sources */,
			);
			runOnlyForDeploymentPostprocessing = 0;
		};
/* End PBXSourcesBuildPhase section */

/* Begin PBXTargetDependency section */
		B6340F8919E86B280081E8B2 /* PBXTargetDependency */ = {
			isa = PBXTargetDependency;
			target = B6340F6A19E86B280081E8B2 /* Diner Organizer */;
			targetProxy = B6340F8819E86B280081E8B2 /* PBXContainerItemProxy */;
		};
/* End PBXTargetDependency section */

/* Begin PBXVariantGroup section */
		B6340F7B19E86B280081E8B2 /* Main.storyboard */ = {
			isa = PBXVariantGroup;
			children = (
				B6340F7C19E86B280081E8B2 /* Base */,
			);
			name = Main.storyboard;
			sourceTree = "<group>";
		};
		B6340F8019E86B280081E8B2 /* LaunchScreen.xib */ = {
			isa = PBXVariantGroup;
			children = (
				B6340F8119E86B280081E8B2 /* Base */,
			);
			name = LaunchScreen.xib;
			sourceTree = "<group>";
		};
/* End PBXVariantGroup section */

/* Begin XCBuildConfiguration section */
		B6340F8F19E86B280081E8B2 /* Debug */ = {
			isa = XCBuildConfiguration;
			buildSettings = {
				ALWAYS_SEARCH_USER_PATHS = NO;
				CLANG_CXX_LANGUAGE_STANDARD = "gnu++0x";
				CLANG_CXX_LIBRARY = "libc++";
				CLANG_ENABLE_MODULES = YES;
				CLANG_ENABLE_OBJC_ARC = YES;
				CLANG_WARN_BOOL_CONVERSION = YES;
				CLANG_WARN_CONSTANT_CONVERSION = YES;
				CLANG_WARN_DIRECT_OBJC_ISA_USAGE = YES_ERROR;
				CLANG_WARN_EMPTY_BODY = YES;
				CLANG_WARN_ENUM_CONVERSION = YES;
				CLANG_WARN_INT_CONVERSION = YES;
				CLANG_WARN_OBJC_ROOT_CLASS = YES_ERROR;
				CLANG_WARN_UNREACHABLE_CODE = YES;
				CLANG_WARN__DUPLICATE_METHOD_MATCH = YES;
				"CODE_SIGN_IDENTITY[sdk=iphoneos*]" = "iPhone Developer";
				COPY_PHASE_STRIP = NO;
				ENABLE_STRICT_OBJC_MSGSEND = YES;
				GCC_C_LANGUAGE_STANDARD = gnu99;
				GCC_DYNAMIC_NO_PIC = NO;
				GCC_OPTIMIZATION_LEVEL = 0;
				GCC_PREPROCESSOR_DEFINITIONS = (
					"DEBUG=1",
					"$(inherited)",
				);
				GCC_SYMBOLS_PRIVATE_EXTERN = NO;
				GCC_WARN_64_TO_32_BIT_CONVERSION = YES;
				GCC_WARN_ABOUT_RETURN_TYPE = YES_ERROR;
				GCC_WARN_UNDECLARED_SELECTOR = YES;
				GCC_WARN_UNINITIALIZED_AUTOS = YES_AGGRESSIVE;
				GCC_WARN_UNUSED_FUNCTION = YES;
				GCC_WARN_UNUSED_VARIABLE = YES;
				IPHONEOS_DEPLOYMENT_TARGET = 8.0;
				MTL_ENABLE_DEBUG_INFO = YES;
				ONLY_ACTIVE_ARCH = YES;
				SDKROOT = iphoneos;
			};
			name = Debug;
		};
		B6340F9019E86B280081E8B2 /* Release */ = {
			isa = XCBuildConfiguration;
			buildSettings = {
				ALWAYS_SEARCH_USER_PATHS = NO;
				CLANG_CXX_LANGUAGE_STANDARD = "gnu++0x";
				CLANG_CXX_LIBRARY = "libc++";
				CLANG_ENABLE_MODULES = YES;
				CLANG_ENABLE_OBJC_ARC = YES;
				CLANG_WARN_BOOL_CONVERSION = YES;
				CLANG_WARN_CONSTANT_CONVERSION = YES;
				CLANG_WARN_DIRECT_OBJC_ISA_USAGE = YES_ERROR;
				CLANG_WARN_EMPTY_BODY = YES;
				CLANG_WARN_ENUM_CONVERSION = YES;
				CLANG_WARN_INT_CONVERSION = YES;
				CLANG_WARN_OBJC_ROOT_CLASS = YES_ERROR;
				CLANG_WARN_UNREACHABLE_CODE = YES;
				CLANG_WARN__DUPLICATE_METHOD_MATCH = YES;
				"CODE_SIGN_IDENTITY[sdk=iphoneos*]" = "iPhone Developer";
				COPY_PHASE_STRIP = YES;
				ENABLE_NS_ASSERTIONS = NO;
				ENABLE_STRICT_OBJC_MSGSEND = YES;
				GCC_C_LANGUAGE_STANDARD = gnu99;
				GCC_WARN_64_TO_32_BIT_CONVERSION = YES;
				GCC_WARN_ABOUT_RETURN_TYPE = YES_ERROR;
				GCC_WARN_UNDECLARED_SELECTOR = YES;
				GCC_WARN_UNINITIALIZED_AUTOS = YES_AGGRESSIVE;
				GCC_WARN_UNUSED_FUNCTION = YES;
				GCC_WARN_UNUSED_VARIABLE = YES;
				IPHONEOS_DEPLOYMENT_TARGET = 8.0;
				MTL_ENABLE_DEBUG_INFO = NO;
				SDKROOT = iphoneos;
				VALIDATE_PRODUCT = YES;
			};
			name = Release;
		};
		B6340F9219E86B280081E8B2 /* Debug */ = {
			isa = XCBuildConfiguration;
			baseConfigurationReference = 45FCE24204809096289F7E4D /* Pods-Diner Organizer.debug.xcconfig */;
			buildSettings = {
				ASSETCATALOG_COMPILER_APPICON_NAME = AppIcon;
				GCC_PREFIX_HEADER = "Diner Organizer/Diner Organizer-prefix.pch";
				INFOPLIST_FILE = "Diner Organizer/Info.plist";
				LD_RUNPATH_SEARCH_PATHS = "$(inherited) @executable_path/Frameworks";
				PRODUCT_NAME = "$(TARGET_NAME)";
			};
			name = Debug;
		};
		B6340F9319E86B280081E8B2 /* Release */ = {
			isa = XCBuildConfiguration;
			baseConfigurationReference = FED30C01F0C571BBC97DC9B8 /* Pods-Diner Organizer.release.xcconfig */;
			buildSettings = {
				ASSETCATALOG_COMPILER_APPICON_NAME = AppIcon;
				GCC_PREFIX_HEADER = "Diner Organizer/Diner Organizer-prefix.pch";
				INFOPLIST_FILE = "Diner Organizer/Info.plist";
				LD_RUNPATH_SEARCH_PATHS = "$(inherited) @executable_path/Frameworks";
				PRODUCT_NAME = "$(TARGET_NAME)";
			};
			name = Release;
		};
		B6340F9519E86B280081E8B2 /* Debug */ = {
			isa = XCBuildConfiguration;
			buildSettings = {
				BUNDLE_LOADER = "$(TEST_HOST)";
				FRAMEWORK_SEARCH_PATHS = (
					"$(SDKROOT)/Developer/Library/Frameworks",
					"$(inherited)",
				);
				GCC_PREPROCESSOR_DEFINITIONS = (
					"DEBUG=1",
					"$(inherited)",
				);
				INFOPLIST_FILE = "Diner OrganizerTests/Info.plist";
				LD_RUNPATH_SEARCH_PATHS = "$(inherited) @executable_path/Frameworks @loader_path/Frameworks";
				PRODUCT_NAME = "$(TARGET_NAME)";
				TEST_HOST = "$(BUILT_PRODUCTS_DIR)/Diner Organizer.app/Diner Organizer";
			};
			name = Debug;
		};
		B6340F9619E86B280081E8B2 /* Release */ = {
			isa = XCBuildConfiguration;
			buildSettings = {
				BUNDLE_LOADER = "$(TEST_HOST)";
				FRAMEWORK_SEARCH_PATHS = (
					"$(SDKROOT)/Developer/Library/Frameworks",
					"$(inherited)",
				);
				INFOPLIST_FILE = "Diner OrganizerTests/Info.plist";
				LD_RUNPATH_SEARCH_PATHS = "$(inherited) @executable_path/Frameworks @loader_path/Frameworks";
				PRODUCT_NAME = "$(TARGET_NAME)";
				TEST_HOST = "$(BUILT_PRODUCTS_DIR)/Diner Organizer.app/Diner Organizer";
			};
			name = Release;
		};
/* End XCBuildConfiguration section */

/* Begin XCConfigurationList section */
		B6340F6619E86B280081E8B2 /* Build configuration list for PBXProject "Diner Organizer" */ = {
			isa = XCConfigurationList;
			buildConfigurations = (
				B6340F8F19E86B280081E8B2 /* Debug */,
				B6340F9019E86B280081E8B2 /* Release */,
			);
			defaultConfigurationIsVisible = 0;
			defaultConfigurationName = Release;
		};
		B6340F9119E86B280081E8B2 /* Build configuration list for PBXNativeTarget "Diner Organizer" */ = {
			isa = XCConfigurationList;
			buildConfigurations = (
				B6340F9219E86B280081E8B2 /* Debug */,
				B6340F9319E86B280081E8B2 /* Release */,
			);
			defaultConfigurationIsVisible = 0;
			defaultConfigurationName = Release;
		};
		B6340F9419E86B280081E8B2 /* Build configuration list for PBXNativeTarget "Diner OrganizerTests" */ = {
			isa = XCConfigurationList;
			buildConfigurations = (
				B6340F9519E86B280081E8B2 /* Debug */,
				B6340F9619E86B280081E8B2 /* Release */,
			);
			defaultConfigurationIsVisible = 0;
			defaultConfigurationName = Release;
		};
/* End XCConfigurationList section */

/* Begin XCVersionGroup section */
		B6D1A4EC19FEE6F100CAA93E /* Diner Organizer.xcdatamodeld */ = {
			isa = XCVersionGroup;
			children = (
				B6D1A4ED19FEE6F100CAA93E /* Diner Organizer.xcdatamodel */,
			);
			currentVersion = B6D1A4ED19FEE6F100CAA93E /* Diner Organizer.xcdatamodel */;
			path = "Diner Organizer.xcdatamodeld";
			sourceTree = "<group>";
			versionGroupType = wrapper.xcdatamodel;
		};
/* End XCVersionGroup section */
	};
	rootObject = B6340F6319E86B280081E8B2 /* Project object */;
}
